<?xml version="1.0" encoding="utf-8"?>
<Project ToolsVersion="4.0" xmlns="http://schemas.microsoft.com/developer/msbuild/2003">
  <ItemGroup>
    <Filter Include="Modules">
      <UniqueIdentifier>{885657b5-14f2-4e45-9846-37a554b3b867}</UniqueIdentifier>
    </Filter>
    <Filter Include="Modules\Adapters">
      <UniqueIdentifier>{42176835-54f3-4ecb-86d5-2dd12d58a325}</UniqueIdentifier>
    </Filter>
    <Filter Include="Modules\Exceptions">
      <UniqueIdentifier>{2bff9eb8-1430-46af-9294-6d5d53161cbd}</UniqueIdentifier>
    </Filter>
    <Filter Include="Modules\Validation">
      <UniqueIdentifier>{9f85060f-631e-43ef-aa87-1b41a6c42edd}</UniqueIdentifier>
    </Filter>
    <Filter Include="Modules\Variadics">
      <UniqueIdentifier>{8e483090-340e-49e6-81d1-ce76b60e4575}</UniqueIdentifier>
    </Filter>
  </ItemGroup>
  <ItemGroup>
    <ClCompile Include="Modules\Adapters\Adapters.ixx">
      <Filter>Modules</Filter>
    </ClCompile>
    <ClCompile Include="Modules\Exceptions\Implementations\AbortRequestedException.ixx">
      <Filter>Modules\Exceptions</Filter>
    </ClCompile>
    <ClCompile Include="Modules\Exceptions\Implementations\AccessException.ixx">
      <Filter>Modules\Exceptions</Filter>
    </ClCompile>
    <ClCompile Include="Modules\Exceptions\Implementations\AdapterResolveException.ixx">
      <Filter>Modules\Exceptions</Filter>
    </ClCompile>
    <ClCompile Include="Modules\Exceptions\Implementations\AlreadyExistsException.ixx">
      <Filter>Modules\Exceptions</Filter>
    </ClCompile>
    <ClCompile Include="Modules\Exceptions\Implementations\ArgumentException.ixx">
      <Filter>Modules\Exceptions</Filter>
    </ClCompile>
    <ClCompile Include="Modules\Exceptions\Implementations\DLLException.ixx">
      <Filter>Modules\Exceptions</Filter>
    </ClCompile>
    <ClCompile Include="Modules\Exceptions\Implementations\IncompatibleTypeException.ixx">
      <Filter>Modules\Exceptions</Filter>
    </ClCompile>
    <ClCompile Include="Modules\Exceptions\Implementations\InvalidOperationException.ixx">
      <Filter>Modules\Exceptions</Filter>
    </ClCompile>
    <ClCompile Include="Modules\Exceptions\Implementations\NotFoundException.ixx">
      <Filter>Modules\Exceptions</Filter>
    </ClCompile>
    <ClCompile Include="Modules\Exceptions\Implementations\NotImplementedException.ixx">
      <Filter>Modules\Exceptions</Filter>
    </ClCompile>
    <ClCompile Include="Modules\Exceptions\Implementations\NullException.ixx">
      <Filter>Modules\Exceptions</Filter>
    </ClCompile>
    <ClCompile Include="Modules\Exceptions\Implementations\TimeoutException.ixx">
      <Filter>Modules\Exceptions</Filter>
    </ClCompile>
    <ClCompile Include="Modules\Exceptions\Exceptions.ixx">
      <Filter>Modules</Filter>
    </ClCompile>
    <ClCompile Include="Modules\Extensions\Implementations\Extended.ixx" />
    <ClCompile Include="Modules\Extensions\Implementations\String.ixx" />
    <ClCompile Include="Modules\Extensions\Implementations\Tuple.ixx" />
    <ClCompile Include="Modules\Extensions\Implementations\Vector.ixx" />
    <ClCompile Include="Modules\Extensions\Extensions.ixx" />
    <ClCompile Include="Modules\Converters\Implementations\DoubleConverter.ixx" />
    <ClCompile Include="Modules\Converters\Converters.ixx" />
    <ClCompile Include="Modules\Converters\Implementations\FloatConverter.ixx" />
    <ClCompile Include="Modules\Converters\Implementations\IntConverter.ixx" />
    <ClCompile Include="Modules\Converters\Implementations\LongConverter.ixx" />
    <ClCompile Include="Modules\Converters\Implementations\LongLongConverter.ixx" />
    <ClCompile Include="Modules\Converters\Implementations\StringConverter.ixx" />
    <ClCompile Include="Modules\Converters\Implementations\BoolConverter.ixx" />
    <ClCompile Include="Modules\Converters\Implementations\UnsignedIntConverter.ixx" />
    <ClCompile Include="Modules\Converters\Implementations\UnsignedLongConverter.ixx" />
    <ClCompile Include="Modules\Converters\Implementations\UnsignedLongLongConverter.ixx" />
    <ClCompile Include="Modules\Extensions\Implementations\Throw.ixx" />
    <ClCompile Include="Modules\Exceptions\Implementations\Exception.ixx" />
    <ClCompile Include="Modules\Adapters\Implementations\Query\ContainAdapter.ixx" />
    <ClCompile Include="Modules\Adapters\Implementations\Query\CountElementAdapter.ixx" />
    <ClCompile Include="Modules\Adapters\Implementations\Query\CountTypeAdapter.ixx" />
    <ClCompile Include="Modules\Adapters\Implementations\Query\LengthAdapters.ixx" />
    <ClCompile Include="Modules\Adapters\Implementations\Query\MatchAdapter.ixx" />
    <ClCompile Include="Modules\Adapters\Implementations\Query\ContainPatternAdapter.ixx" />
    <ClCompile Include="Modules\Adapters\Implementations\Query\IteratorAdapter.ixx" />
    <ClCompile Include="Modules\Adapters\Implementations\Query\PredicateAdapters.ixx" />
  </ItemGroup>
</Project>