<?xml version="1.0" encoding="utf-8"?>
<Project ToolsVersion="4.0" xmlns="http://schemas.microsoft.com/developer/msbuild/2003">
  <ItemGroup>
    <Filter Include="Modules">
      <UniqueIdentifier>{885657b5-14f2-4e45-9846-37a554b3b867}</UniqueIdentifier>
    </Filter>
    <Filter Include="Modules\Adapters">
      <UniqueIdentifier>{42176835-54f3-4ecb-86d5-2dd12d58a325}</UniqueIdentifier>
    </Filter>
    <Filter Include="Modules\Exceptions">
      <UniqueIdentifier>{2bff9eb8-1430-46af-9294-6d5d53161cbd}</UniqueIdentifier>
    </Filter>
    <Filter Include="Modules\Validation">
      <UniqueIdentifier>{9f85060f-631e-43ef-aa87-1b41a6c42edd}</UniqueIdentifier>
    </Filter>
    <Filter Include="Modules\Variadics">
      <UniqueIdentifier>{8e483090-340e-49e6-81d1-ce76b60e4575}</UniqueIdentifier>
    </Filter>
  </ItemGroup>
  <ItemGroup>
    <ClCompile Include="Modules\Adapters.ixx">
      <Filter>Modules</Filter>
    </ClCompile>
    <ClCompile Include="Modules\Variadics.ixx">
      <Filter>Modules</Filter>
    </ClCompile>
    <ClCompile Include="Modules\Adapters\CountAdapter.ixx">
      <Filter>Modules\Adapters</Filter>
    </ClCompile>
    <ClCompile Include="Modules\Adapters\ClearAdapter.ixx">
      <Filter>Modules\Adapters</Filter>
    </ClCompile>
    <ClCompile Include="Modules\Adapters\ContainAdapter.ixx">
      <Filter>Modules\Adapters</Filter>
    </ClCompile>
    <ClCompile Include="Modules\Adapters\ContainAllAdapter.ixx">
      <Filter>Modules\Adapters</Filter>
    </ClCompile>
    <ClCompile Include="Modules\Adapters\EqualityAdapter.ixx">
      <Filter>Modules\Adapters</Filter>
    </ClCompile>
    <ClCompile Include="Modules\Adapters\HashAdapter.ixx">
      <Filter>Modules\Adapters</Filter>
    </ClCompile>
    <ClCompile Include="Modules\Variadics\ContainChecker.ixx">
      <Filter>Modules\Variadics</Filter>
    </ClCompile>
    <ClCompile Include="Modules\Variadics\Counter.ixx">
      <Filter>Modules\Variadics</Filter>
    </ClCompile>
    <ClCompile Include="Modules\Variadics\ConditionChecker.ixx">
      <Filter>Modules\Variadics</Filter>
    </ClCompile>
    <ClCompile Include="Modules\Variadics\ConditionCounter.ixx">
      <Filter>Modules\Variadics</Filter>
    </ClCompile>
    <ClCompile Include="Modules\Exceptions\AbortRequestedException.ixx">
      <Filter>Modules\Exceptions</Filter>
    </ClCompile>
    <ClCompile Include="Modules\Exceptions\AccessException.ixx">
      <Filter>Modules\Exceptions</Filter>
    </ClCompile>
    <ClCompile Include="Modules\Exceptions\AdapterResolveException.ixx">
      <Filter>Modules\Exceptions</Filter>
    </ClCompile>
    <ClCompile Include="Modules\Exceptions\AlreadyExistsException.ixx">
      <Filter>Modules\Exceptions</Filter>
    </ClCompile>
    <ClCompile Include="Modules\Exceptions\ArgumentException.ixx">
      <Filter>Modules\Exceptions</Filter>
    </ClCompile>
    <ClCompile Include="Modules\Exceptions\DLLException.ixx">
      <Filter>Modules\Exceptions</Filter>
    </ClCompile>
    <ClCompile Include="Modules\Exceptions\IncompatibleTypeException.ixx">
      <Filter>Modules\Exceptions</Filter>
    </ClCompile>
    <ClCompile Include="Modules\Exceptions\InvalidOperationException.ixx">
      <Filter>Modules\Exceptions</Filter>
    </ClCompile>
    <ClCompile Include="Modules\Exceptions\NotFoundException.ixx">
      <Filter>Modules\Exceptions</Filter>
    </ClCompile>
    <ClCompile Include="Modules\Exceptions\NotImplementedException.ixx">
      <Filter>Modules\Exceptions</Filter>
    </ClCompile>
    <ClCompile Include="Modules\Exceptions\NullException.ixx">
      <Filter>Modules\Exceptions</Filter>
    </ClCompile>
    <ClCompile Include="Modules\Exceptions\TimeoutException.ixx">
      <Filter>Modules\Exceptions</Filter>
    </ClCompile>
    <ClCompile Include="Modules\Exceptions\ValidationException.ixx">
      <Filter>Modules\Exceptions</Filter>
    </ClCompile>
    <ClCompile Include="Modules\Validation\Ensure.ixx">
      <Filter>Modules\Validation</Filter>
    </ClCompile>
    <ClCompile Include="Modules\Exceptions\Exception.ixx">
      <Filter>Modules\Exceptions</Filter>
    </ClCompile>
    <ClCompile Include="Modules\Exceptions.ixx">
      <Filter>Modules</Filter>
    </ClCompile>
    <ClCompile Include="Modules\Validation.ixx">
      <Filter>Modules</Filter>
    </ClCompile>
    <ClCompile Include="Modules\Validation\Argument.ixx" />
    <ClCompile Include="Modules\Extensions\Extended.ixx" />
    <ClCompile Include="Modules\Extensions\String.ixx" />
    <ClCompile Include="Modules\Extensions\Tuple.ixx" />
    <ClCompile Include="Modules\Extensions\Vector.ixx" />
    <ClCompile Include="Modules\Extensions.ixx" />
    <ClCompile Include="Modules\Converters\DoubleConverter.ixx" />
    <ClCompile Include="Modules\Converters\Converter.ixx" />
    <ClCompile Include="Modules\Converters.ixx" />
    <ClCompile Include="Modules\Converters\FloatConverter.ixx" />
    <ClCompile Include="Modules\Converters\IntConverter.ixx" />
    <ClCompile Include="Modules\Converters\LongConverter.ixx" />
    <ClCompile Include="Modules\Converters\LongLongConverter.ixx" />
    <ClCompile Include="Modules\Converters\StringConverter.ixx" />
  </ItemGroup>
</Project>