<?xml version="1.0" encoding="utf-8"?>
<Project ToolsVersion="4.0" xmlns="http://schemas.microsoft.com/developer/msbuild/2003">
  <ItemGroup>
    <Filter Include="Source Files">
      <UniqueIdentifier>{4FC737F1-C7A5-4376-A066-2A32D752A2FF}</UniqueIdentifier>
      <Extensions>cpp;c;cc;cxx;c++;cppm;ixx;def;odl;idl;hpj;bat;asm;asmx</Extensions>
    </Filter>
    <Filter Include="Header Files">
      <UniqueIdentifier>{93995380-89BD-4b04-88EB-625FBE52EBFB}</UniqueIdentifier>
      <Extensions>h;hh;hpp;hxx;h++;hm;inl;inc;ipp;xsd</Extensions>
    </Filter>
    <Filter Include="Resource Files">
      <UniqueIdentifier>{67DA6AB6-F800-4c08-8B7A-83BB121AAD01}</UniqueIdentifier>
      <Extensions>rc;ico;cur;bmp;dlg;rc2;rct;bin;rgs;gif;jpg;jpeg;jpe;resx;tiff;tif;png;wav;mfcribbon-ms</Extensions>
    </Filter>
    <Filter Include="Modules">
      <UniqueIdentifier>{e5f74c58-6395-475b-b8cf-9f6f5bbd5628}</UniqueIdentifier>
    </Filter>
  </ItemGroup>
  <ItemGroup>
    <ClCompile Include="TypeInfo.ixx">
      <Filter>Modules</Filter>
    </ClCompile>
    <ClCompile Include="Definitions.ixx">
      <Filter>Modules</Filter>
    </ClCompile>
    <ClCompile Include="Concepts.ixx">
      <Filter>Modules</Filter>
    </ClCompile>
    <ClCompile Include="Modules\Concepts\BasicConcepts.ixx">
      <Filter>Source Files</Filter>
    </ClCompile>
    <ClCompile Include="Modules\Concepts\VariadicConteps.ixx">
      <Filter>Source Files</Filter>
    </ClCompile>
    <ClCompile Include="Modules\TypeInfo\BasicTypeInfo.ixx">
      <Filter>Source Files</Filter>
    </ClCompile>
    <ClCompile Include="Modules\Concepts\RelationalConcepts.ixx">
      <Filter>Source Files</Filter>
    </ClCompile>
    <ClCompile Include="Modules\Concepts\FunctionalConcepts.ixx">
      <Filter>Source Files</Filter>
    </ClCompile>
    <ClCompile Include="Modules\TypeInfo\RelationalTypeInfo.ixx">
      <Filter>Source Files</Filter>
    </ClCompile>
    <ClCompile Include="Modules\TypeInfo\VariadicTypeInfo.ixx">
      <Filter>Source Files</Filter>
    </ClCompile>
    <ClCompile Include="Modules\Definitions\TypeDefinitions.ixx">
      <Filter>Source Files</Filter>
    </ClCompile>
    <ClCompile Include="Modules\Definitions\TypeDeducers.ixx">
      <Filter>Source Files</Filter>
    </ClCompile>
    <ClCompile Include="Modules\TypeInfo\Type.ixx">
      <Filter>Source Files</Filter>
    </ClCompile>
    <ClCompile Include="Configuration.ixx">
      <Filter>Source Files</Filter>
    </ClCompile>
    <ClCompile Include="Modules\General\Extended.ixx">
      <Filter>Source Files</Filter>
    </ClCompile>
    <ClCompile Include="General.ixx">
      <Filter>Source Files</Filter>
    </ClCompile>
  </ItemGroup>
  <ItemGroup>
    <ClInclude Include="..\Macros\Macros.h">
      <Filter>Header Files</Filter>
    </ClInclude>
  </ItemGroup>
</Project>