<?xml version="1.0" encoding="utf-8"?>
<Project ToolsVersion="4.0" xmlns="http://schemas.microsoft.com/developer/msbuild/2003">
  <ItemGroup>
    <Filter Include="Modules">
      <UniqueIdentifier>{e5f74c58-6395-475b-b8cf-9f6f5bbd5628}</UniqueIdentifier>
    </Filter>
    <Filter Include="Modules\Concepts">
      <UniqueIdentifier>{c0793cf1-7aef-4b73-ac85-9a65aff183d9}</UniqueIdentifier>
    </Filter>
    <Filter Include="Modules\Definitions">
      <UniqueIdentifier>{90283045-5d11-4f24-ad3d-cbf08acc1eb9}</UniqueIdentifier>
    </Filter>
    <Filter Include="Modules\Type">
      <UniqueIdentifier>{c503b12a-85a4-49c0-b83c-268b936f69d5}</UniqueIdentifier>
    </Filter>
    <Filter Include="Modules\General">
      <UniqueIdentifier>{25ed7509-b7e4-4aba-830d-b40e599bb184}</UniqueIdentifier>
    </Filter>
    <Filter Include="Macros">
      <UniqueIdentifier>{93995380-89BD-4b04-88EB-625FBE52EBFB}</UniqueIdentifier>
      <Extensions>h;hh;hpp;hxx;h++;hm;inl;inc;ipp;xsd</Extensions>
    </Filter>
  </ItemGroup>
  <ItemGroup>
    <ClCompile Include="Modules\TypeInfo.ixx">
      <Filter>Modules</Filter>
    </ClCompile>
    <ClCompile Include="Modules\Definitions.ixx">
      <Filter>Modules</Filter>
    </ClCompile>
    <ClCompile Include="Modules\Concepts.ixx">
      <Filter>Modules</Filter>
    </ClCompile>
    <ClCompile Include="Modules\Concepts\BasicConcepts.ixx">
      <Filter>Modules\Concepts</Filter>
    </ClCompile>
    <ClCompile Include="Modules\Concepts\FunctionalConcepts.ixx">
      <Filter>Modules\Concepts</Filter>
    </ClCompile>
    <ClCompile Include="Modules\Concepts\RelationalConcepts.ixx">
      <Filter>Modules\Concepts</Filter>
    </ClCompile>
    <ClCompile Include="Modules\Concepts\VariadicConteps.ixx">
      <Filter>Modules\Concepts</Filter>
    </ClCompile>
    <ClCompile Include="Modules\Definitions\TypeDeducers.ixx">
      <Filter>Modules\Definitions</Filter>
    </ClCompile>
    <ClCompile Include="Modules\Definitions\TypeDefinitions.ixx">
      <Filter>Modules\Definitions</Filter>
    </ClCompile>
    <ClCompile Include="Modules\TypeInfo\Type.ixx">
      <Filter>Modules\Type</Filter>
    </ClCompile>
    <ClCompile Include="Modules\TypeInfo\RelationalTypeInfo.ixx">
      <Filter>Modules\Type</Filter>
    </ClCompile>
    <ClCompile Include="Modules\TypeInfo\VariadicTypeInfo.ixx">
      <Filter>Modules\Type</Filter>
    </ClCompile>
    <ClCompile Include="Modules\TypeInfo\BasicTypeInfo.ixx">
      <Filter>Modules\Type</Filter>
    </ClCompile>
    <ClCompile Include="Modules\Configuration.ixx">
      <Filter>Modules</Filter>
    </ClCompile>
    <ClCompile Include="Modules\Meta.ixx">
      <Filter>Modules</Filter>
    </ClCompile>
    <ClCompile Include="Modules\Meta\Extended.ixx">
      <Filter>Modules\General</Filter>
    </ClCompile>
    <ClCompile Include="Modules\Meta\Tuple.ixx" />
    <ClCompile Include="Modules\Meta\Vector.ixx" />
    <ClCompile Include="Modules\Meta\String.ixx" />
  </ItemGroup>
  <ItemGroup>
    <ClInclude Include="..\Macros\Macros.h">
      <Filter>Macros</Filter>
    </ClInclude>
  </ItemGroup>
</Project>