<?xml version="1.0" encoding="utf-8"?>
<Project ToolsVersion="4.0" xmlns="http://schemas.microsoft.com/developer/msbuild/2003">
  <ItemGroup>
    <Filter Include="Modules">
      <UniqueIdentifier>{9e1e58c3-0710-4caa-b789-18f4438b7688}</UniqueIdentifier>
    </Filter>
    <Filter Include="Modules\Allocators">
      <UniqueIdentifier>{c10d76aa-14ed-49c3-9da3-3b834cafd8e7}</UniqueIdentifier>
    </Filter>
    <Filter Include="Modules\Collections">
      <UniqueIdentifier>{68bd5c08-36d0-4554-ad20-feba3b82ce2a}</UniqueIdentifier>
    </Filter>
    <Filter Include="Modules\Iterators">
      <UniqueIdentifier>{5dbb6e6c-bfbf-455e-82e2-25660acb53bd}</UniqueIdentifier>
    </Filter>
    <Filter Include="Modules\Queries">
      <UniqueIdentifier>{1a7b08af-6021-415a-9114-40a1fc8104a8}</UniqueIdentifier>
    </Filter>
  </ItemGroup>
  <ItemGroup>
    <ClCompile Include="Modules\Collections\Array.ixx">
      <Filter>Modules\Collections</Filter>
    </ClCompile>
    <ClCompile Include="Modules\Collections\Package.ixx">
      <Filter>Modules\Collections</Filter>
    </ClCompile>
    <ClCompile Include="Modules\Iterators\ContinousMemoryIterator.ixx">
      <Filter>Modules\Iterators</Filter>
    </ClCompile>
    <ClCompile Include="Modules\Queries\Query.ixx">
      <Filter>Modules\Queries</Filter>
    </ClCompile>
    <ClCompile Include="Modules\Allocators\DifferentialGrowthAllocator.ixx">
      <Filter>Modules\Allocators</Filter>
    </ClCompile>
    <ClCompile Include="Modules\Allocators\SimpleAllocator.ixx">
      <Filter>Modules\Allocators</Filter>
    </ClCompile>
    <ClCompile Include="Modules\Allocators.ixx">
      <Filter>Modules</Filter>
    </ClCompile>
    <ClCompile Include="Modules\Collections.ixx">
      <Filter>Modules</Filter>
    </ClCompile>
    <ClCompile Include="Modules\Iterators.ixx">
      <Filter>Modules</Filter>
    </ClCompile>
    <ClCompile Include="Modules\Queries.ixx">
      <Filter>Modules</Filter>
    </ClCompile>
    <ClCompile Include="Modules\Collections\BinaryTree.ixx">
      <Filter>Modules\Collections</Filter>
    </ClCompile>
    <ClCompile Include="Modules\Collections\Bucket.ixx">
      <Filter>Modules\Collections</Filter>
    </ClCompile>
    <ClCompile Include="Modules\Collections\Graph.ixx">
      <Filter>Modules\Collections</Filter>
    </ClCompile>
    <ClCompile Include="Modules\Collections\Grid.ixx">
      <Filter>Modules\Collections</Filter>
    </ClCompile>
    <ClCompile Include="Modules\Collections\LinkNode.ixx">
      <Filter>Modules\Collections</Filter>
    </ClCompile>
    <ClCompile Include="Modules\Collections\List.ixx">
      <Filter>Modules\Collections</Filter>
    </ClCompile>
    <ClCompile Include="Modules\Collections\Pair.ixx">
      <Filter>Modules\Collections</Filter>
    </ClCompile>
    <ClCompile Include="Modules\Collections\RedBlackTree.ixx">
      <Filter>Modules\Collections</Filter>
    </ClCompile>
    <ClCompile Include="Modules\Collections\Table.ixx">
      <Filter>Modules\Collections</Filter>
    </ClCompile>
    <ClCompile Include="Modules\Collections\Tree.ixx">
      <Filter>Modules\Collections</Filter>
    </ClCompile>
    <ClCompile Include="Modules\Iterators\ListIterator.ixx">
      <Filter>Modules\Iterators</Filter>
    </ClCompile>
  </ItemGroup>
</Project>