<?xml version="1.0" encoding="utf-8"?>
<Project ToolsVersion="4.0" xmlns="http://schemas.microsoft.com/developer/msbuild/2003">
  <ItemGroup>
    <Filter Include="Modules">
      <UniqueIdentifier>{885657b5-14f2-4e45-9846-37a554b3b867}</UniqueIdentifier>
    </Filter>
    <Filter Include="Modules\Interfaces">
      <UniqueIdentifier>{a5944f54-4c7d-4c46-b3db-d3fdd1938c9a}</UniqueIdentifier>
    </Filter>
  </ItemGroup>
  <ItemGroup>
    <ClCompile Include="Modules\IAnalysable.ixx">
      <Filter>Modules\Interfaces</Filter>
    </ClCompile>
    <ClCompile Include="Modules\ICloneable.ixx">
      <Filter>Modules\Interfaces</Filter>
    </ClCompile>
    <ClCompile Include="Modules\IConverter.ixx">
      <Filter>Modules\Interfaces</Filter>
    </ClCompile>
    <ClCompile Include="Modules\IEnumerable.ixx">
      <Filter>Modules\Interfaces</Filter>
    </ClCompile>
    <ClCompile Include="Modules\IExecutable.ixx">
      <Filter>Modules\Interfaces</Filter>
    </ClCompile>
    <ClCompile Include="Modules\IHashable.ixx">
      <Filter>Modules\Interfaces</Filter>
    </ClCompile>
    <ClCompile Include="Modules\IInvokable.ixx">
      <Filter>Modules\Interfaces</Filter>
    </ClCompile>
    <ClCompile Include="Modules\IIterator.ixx">
      <Filter>Modules\Interfaces</Filter>
    </ClCompile>
    <ClCompile Include="Modules\ISearchable.ixx">
      <Filter>Modules\Interfaces</Filter>
    </ClCompile>
    <ClCompile Include="Modules\ISortable.ixx">
      <Filter>Modules\Interfaces</Filter>
    </ClCompile>
    <ClCompile Include="Modules\IAllocator.ixx">
      <Filter>Modules\Interfaces</Filter>
    </ClCompile>
    <ClCompile Include="Interfaces.ixx">
      <Filter>Modules</Filter>
    </ClCompile>
  </ItemGroup>
</Project>