<?xml version="1.0" encoding="utf-8"?>
<Project ToolsVersion="4.0" xmlns="http://schemas.microsoft.com/developer/msbuild/2003">
  <ItemGroup>
    <Filter Include="Modules">
      <UniqueIdentifier>{1dc9f1d3-2536-462c-a711-8d07bc6a4c10}</UniqueIdentifier>
    </Filter>
    <Filter Include="Modules\Traits">
      <UniqueIdentifier>{be9be58e-c2fd-4f4d-99d3-160a77006a49}</UniqueIdentifier>
    </Filter>
  </ItemGroup>
  <ItemGroup>
    <ClCompile Include="Modules\CollectionTraits.ixx">
      <Filter>Modules</Filter>
    </ClCompile>
    <ClCompile Include="Modules\Traits\Collection\Analysable.ixx">
      <Filter>Modules\Traits</Filter>
    </ClCompile>
    <ClCompile Include="Modules\Traits\Collection\Enumerable.ixx">
      <Filter>Modules\Traits</Filter>
    </ClCompile>
    <ClCompile Include="Modules\Traits\Collection\Searchable.ixx">
      <Filter>Modules\Traits</Filter>
    </ClCompile>
    <ClCompile Include="Modules\Traits\Collection\Sortable.ixx">
      <Filter>Modules\Traits</Filter>
    </ClCompile>
    <ClCompile Include="Modules\Traits\Functional\Invokable.ixx" />
    <ClCompile Include="Modules\Traits\Functional\Executable.ixx" />
    <ClCompile Include="Modules\Traits\FunctionalTratis.ixx" />
    <ClCompile Include="Modules\Traits\Functional\Hashable.ixx" />
  </ItemGroup>
</Project>