<?xml version="1.0" encoding="utf-8"?>
<Project ToolsVersion="4.0" xmlns="http://schemas.microsoft.com/developer/msbuild/2003">
  <ItemGroup>
    <Filter Include="Modules">
      <UniqueIdentifier>{885657b5-14f2-4e45-9846-37a554b3b867}</UniqueIdentifier>
    </Filter>
  </ItemGroup>
  <ItemGroup>
    <ClCompile Include="Modules\Statistics\Implementations\Maximum.ixx" />
    <ClCompile Include="Modules\Statistics\Implementations\Minimum.ixx" />
    <ClCompile Include="Modules\Statistics\Implementations\Average.ixx" />
    <ClCompile Include="Modules\Statistics\Implementations\Deviation.ixx" />
    <ClCompile Include="Modules\Statistics\Implementations\Sum.ixx" />
    <ClCompile Include="Modules\Statistics\Statistics.ixx" />
    <ClCompile Include="Modules\Datamanipulation\Implementations\Copy.ixx" />
    <ClCompile Include="Modules\Datamanipulation\Implementations\Shift.ixx" />
    <ClCompile Include="Modules\Datamanipulation\Implementations\ReplaceFrom.ixx" />
    <ClCompile Include="Modules\Query\Implementations\Any.ixx" />
    <ClCompile Include="Modules\Query\Implementations\All.ixx" />
    <ClCompile Include="Modules\Query\Implementations\First.ixx" />
    <ClCompile Include="Modules\Query\Implementations\FirstOrDefault.ixx" />
    <ClCompile Include="Modules\Query\Implementations\Contains.ixx" />
    <ClCompile Include="Modules\Query\Implementations\Count.ixx" />
    <ClCompile Include="Modules\Query\Implementations\Match.ixx" />
    <ClCompile Include="Modules\Searching\Implementations\Linear.ixx" />
    <ClCompile Include="Modules\Searching\Implementations\Binary.ixx" />
    <ClCompile Include="Modules\Searching\Implementations\Jump.ixx" />
    <ClCompile Include="Modules\Default\Implementations\Compare.ixx" />
    <ClCompile Include="Modules\Math\Implementations\Pow.ixx" />
    <ClCompile Include="Modules\Math\Implementations\Sin.ixx" />
    <ClCompile Include="Modules\Math\Implementations\Cos.ixx" />
    <ClCompile Include="Modules\Math\Implementations\ACos.ixx" />
    <ClCompile Include="Modules\Math\Implementations\ASin.ixx" />
    <ClCompile Include="Modules\Math\Implementations\Sqrt.ixx" />
    <ClCompile Include="Modules\Sorting\Implementation\Merge.ixx" />
    <ClCompile Include="Modules\Sorting\Implementation\Heap.ixx" />
    <ClCompile Include="Modules\Sorting\Implementation\Quick.ixx" />
    <ClCompile Include="Modules\Sorting\Implementation\Selection.ixx" />
    <ClCompile Include="Modules\Sorting\Implementation\Insertion.ixx" />
    <ClCompile Include="Modules\Sorting\Implementation\Intro.ixx" />
    <ClCompile Include="Modules\Statistics\Implementations\Summary.ixx" />
    <ClCompile Include="Modules\Default\Default.ixx" />
    <ClCompile Include="Modules\Math\Math.ixx" />
    <ClCompile Include="Modules\Math\Implementations\Floor.ixx" />
    <ClCompile Include="Modules\Math\Implementations\Abs.ixx" />
    <ClCompile Include="Modules\Math\Implementations\Ceil.ixx" />
    <ClCompile Include="Modules\Math\Implementations\Log.ixx" />
    <ClCompile Include="Modules\Math\Implementations\Factorial.ixx" />
  </ItemGroup>
</Project>